
Microsoft Visual Studio Solution File, Format Version 12.00
# Visual Studio Version 16
VisualStudioVersion = 16.0.31829.152
MinimumVisualStudioVersion = 10.0.40219.1
Project("{FAE04EC0-301F-11D3-BF4B-00C04F79EFBC}") = "Lesson7_2", "Lesson7_2\Lesson7_2.csproj", "{5117F780-2755-44B1-83B7-2F5338A0ED28}"
EndProject
Global
	GlobalSection(SolutionConfigurationPlatforms) = preSolution
		Debug|Any CPU = Debug|Any CPU
		Release|Any CPU = Release|Any CPU
	EndGlobalSection
	GlobalSection(ProjectConfigurationPlatforms) = postSolution
		{5117F780-2755-44B1-83B7-2F5338A0ED28}.Debug|Any CPU.ActiveCfg = Debug|Any CPU
		{5117F780-2755-44B1-83B7-2F5338A0ED28}.Debug|Any CPU.Build.0 = Debug|Any CPU
		{5117F780-2755-44B1-83B7-2F5338A0ED28}.Release|Any CPU.ActiveCfg = Release|Any CPU
		{5117F780-2755-44B1-83B7-2F5338A0ED28}.Release|Any CPU.Build.0 = Release|Any CPU
	EndGlobalSection
	GlobalSection(SolutionProperties) = preSolution
		HideSolutionNode = FALSE
	EndGlobalSection
	GlobalSection(ExtensibilityGlobals) = postSolution
		SolutionGuid = {7C12881D-0D6F-4955-A9B1-8D9F3FD0ABE6}
	EndGlobalSection
EndGlobal
